
Microsoft Visual Studio Solution File, Format Version 12.00
# Visual Studio Version 16
VisualStudioVersion = 16.0.31729.503
MinimumVisualStudioVersion = 10.0.40219.1
Project("{FAE04EC0-301F-11D3-BF4B-00C04F79EFBC}") = "AddWeb_Rushabh", "AddWeb_Rushabh\AddWeb_Rushabh.csproj", "{79CAC6EB-556E-4CAC-90E7-64D517CE34A2}"
EndProject
Project("{FAE04EC0-301F-11D3-BF4B-00C04F79EFBC}") = "Models", "Models\Models.csproj", "{19B3699F-6FF0-4CC9-8E8F-F2BF15992689}"
EndProject
Project("{FAE04EC0-301F-11D3-BF4B-00C04F79EFBC}") = "Bal", "Bal\Bal.csproj", "{5A264625-82D6-40D4-AF22-75F13226AA94}"
EndProject
Project("{FAE04EC0-301F-11D3-BF4B-00C04F79EFBC}") = "Dal", "Dal\Dal.csproj", "{BEA03B9D-D4C2-428F-854A-449B2948905B}"
EndProject
Project("{FAE04EC0-301F-11D3-BF4B-00C04F79EFBC}") = "API", "API\API.csproj", "{072A9911-EA23-461C-A37D-B501EFE2628E}"
EndProject
Global
	GlobalSection(SolutionConfigurationPlatforms) = preSolution
		Debug|Any CPU = Debug|Any CPU
		Release|Any CPU = Release|Any CPU
	EndGlobalSection
	GlobalSection(ProjectConfigurationPlatforms) = postSolution
		{79CAC6EB-556E-4CAC-90E7-64D517CE34A2}.Debug|Any CPU.ActiveCfg = Debug|Any CPU
		{79CAC6EB-556E-4CAC-90E7-64D517CE34A2}.Debug|Any CPU.Build.0 = Debug|Any CPU
		{79CAC6EB-556E-4CAC-90E7-64D517CE34A2}.Release|Any CPU.ActiveCfg = Release|Any CPU
		{79CAC6EB-556E-4CAC-90E7-64D517CE34A2}.Release|Any CPU.Build.0 = Release|Any CPU
		{19B3699F-6FF0-4CC9-8E8F-F2BF15992689}.Debug|Any CPU.ActiveCfg = Debug|Any CPU
		{19B3699F-6FF0-4CC9-8E8F-F2BF15992689}.Debug|Any CPU.Build.0 = Debug|Any CPU
		{19B3699F-6FF0-4CC9-8E8F-F2BF15992689}.Release|Any CPU.ActiveCfg = Release|Any CPU
		{19B3699F-6FF0-4CC9-8E8F-F2BF15992689}.Release|Any CPU.Build.0 = Release|Any CPU
		{5A264625-82D6-40D4-AF22-75F13226AA94}.Debug|Any CPU.ActiveCfg = Debug|Any CPU
		{5A264625-82D6-40D4-AF22-75F13226AA94}.Debug|Any CPU.Build.0 = Debug|Any CPU
		{5A264625-82D6-40D4-AF22-75F13226AA94}.Release|Any CPU.ActiveCfg = Release|Any CPU
		{5A264625-82D6-40D4-AF22-75F13226AA94}.Release|Any CPU.Build.0 = Release|Any CPU
		{BEA03B9D-D4C2-428F-854A-449B2948905B}.Debug|Any CPU.ActiveCfg = Debug|Any CPU
		{BEA03B9D-D4C2-428F-854A-449B2948905B}.Debug|Any CPU.Build.0 = Debug|Any CPU
		{BEA03B9D-D4C2-428F-854A-449B2948905B}.Release|Any CPU.ActiveCfg = Release|Any CPU
		{BEA03B9D-D4C2-428F-854A-449B2948905B}.Release|Any CPU.Build.0 = Release|Any CPU
		{072A9911-EA23-461C-A37D-B501EFE2628E}.Debug|Any CPU.ActiveCfg = Debug|Any CPU
		{072A9911-EA23-461C-A37D-B501EFE2628E}.Debug|Any CPU.Build.0 = Debug|Any CPU
		{072A9911-EA23-461C-A37D-B501EFE2628E}.Release|Any CPU.ActiveCfg = Release|Any CPU
		{072A9911-EA23-461C-A37D-B501EFE2628E}.Release|Any CPU.Build.0 = Release|Any CPU
	EndGlobalSection
	GlobalSection(SolutionProperties) = preSolution
		HideSolutionNode = FALSE
	EndGlobalSection
	GlobalSection(ExtensibilityGlobals) = postSolution
		SolutionGuid = {97970E63-A8BE-4EC2-BEA8-ADF1CB432015}
	EndGlobalSection
EndGlobal
